// !$*UTF8*$!
{
	archiveVersion = 1;
	classes = {
	};
	objectVersion = 56;
	objects = {

/* Begin PBXBuildFile section */
		6C1B18012C86207200C86865 /* EmptyStateView.swift in Sources */ = {isa = PBXBuildFile; fileRef = 6C1B18002C86207200C86865 /* EmptyStateView.swift */; };
		6C61CD5E2C74950B000F6620 /* UIHelper.swift in Sources */ = {isa = PBXBuildFile; fileRef = 6C61CD5D2C74950B000F6620 /* UIHelper.swift */; };
		6C692A3D2C6DF4D500E0E669 /* GitTitleLabel.swift in Sources */ = {isa = PBXBuildFile; fileRef = 6C692A3C2C6DF4D500E0E669 /* GitTitleLabel.swift */; };
		6C692A3F2C6DF7A800E0E669 /* GitBodyLabel.swift in Sources */ = {isa = PBXBuildFile; fileRef = 6C692A3E2C6DF7A800E0E669 /* GitBodyLabel.swift */; };
		6C692A412C6DF98B00E0E669 /* GitAlertVC.swift in Sources */ = {isa = PBXBuildFile; fileRef = 6C692A402C6DF98B00E0E669 /* GitAlertVC.swift */; };
		6C692A442C6E1BC300E0E669 /* UIViewControllerExtension.swift in Sources */ = {isa = PBXBuildFile; fileRef = 6C692A432C6E1BC300E0E669 /* UIViewControllerExtension.swift */; };
		6C692A4C2C6F54FF00E0E669 /* Follower.swift in Sources */ = {isa = PBXBuildFile; fileRef = 6C692A4B2C6F54FF00E0E669 /* Follower.swift */; };
		6C692A4E2C6F566300E0E669 /* User.swift in Sources */ = {isa = PBXBuildFile; fileRef = 6C692A4D2C6F566300E0E669 /* User.swift */; };
		6C692A5D2C70DA0B00E0E669 /* NetworkManager.swift in Sources */ = {isa = PBXBuildFile; fileRef = 6C692A5C2C70DA0B00E0E669 /* NetworkManager.swift */; };
		6C692A622C73130400E0E669 /* FollowersCollectionViewCell.swift in Sources */ = {isa = PBXBuildFile; fileRef = 6C692A612C73130400E0E669 /* FollowersCollectionViewCell.swift */; };
		6C692A642C7372A000E0E669 /* GitImageView.swift in Sources */ = {isa = PBXBuildFile; fileRef = 6C692A632C7372A000E0E669 /* GitImageView.swift */; };
		6C81AB912C6D2AFC002E964E /* FollowerListVC.swift in Sources */ = {isa = PBXBuildFile; fileRef = 6C81AB902C6D2AFB002E964E /* FollowerListVC.swift */; };
		6C8609BF2C69F9BC00D33CD6 /* AppDelegate.swift in Sources */ = {isa = PBXBuildFile; fileRef = 6C8609BE2C69F9BC00D33CD6 /* AppDelegate.swift */; };
		6C8609C12C69F9BC00D33CD6 /* SceneDelegate.swift in Sources */ = {isa = PBXBuildFile; fileRef = 6C8609C02C69F9BC00D33CD6 /* SceneDelegate.swift */; };
		6C8609C82C69F9C100D33CD6 /* Assets.xcassets in Resources */ = {isa = PBXBuildFile; fileRef = 6C8609C72C69F9C100D33CD6 /* Assets.xcassets */; };
		6C8609CB2C69F9C100D33CD6 /* LaunchScreen.storyboard in Resources */ = {isa = PBXBuildFile; fileRef = 6C8609C92C69F9C100D33CD6 /* LaunchScreen.storyboard */; };
		6C8609D32C6A10DA00D33CD6 /* SearchVC.swift in Sources */ = {isa = PBXBuildFile; fileRef = 6C8609D22C6A10DA00D33CD6 /* SearchVC.swift */; };
		6C8609D52C6A112500D33CD6 /* FavoriteListVC.swift in Sources */ = {isa = PBXBuildFile; fileRef = 6C8609D42C6A112500D33CD6 /* FavoriteListVC.swift */; };
		6C8609DB2C6A12EA00D33CD6 /* MainTabBarVC.swift in Sources */ = {isa = PBXBuildFile; fileRef = 6C8609DA2C6A12EA00D33CD6 /* MainTabBarVC.swift */; };
		6CFC28C22C6B415100DE2416 /* GitButton.swift in Sources */ = {isa = PBXBuildFile; fileRef = 6CFC28C12C6B415100DE2416 /* GitButton.swift */; };
		6CFC28C42C6B492A00DE2416 /* SearchTextField.swift in Sources */ = {isa = PBXBuildFile; fileRef = 6CFC28C32C6B492A00DE2416 /* SearchTextField.swift */; };
/* End PBXBuildFile section */

/* Begin PBXFileReference section */
		6C1B18002C86207200C86865 /* EmptyStateView.swift */ = {isa = PBXFileReference; lastKnownFileType = sourcecode.swift; path = EmptyStateView.swift; sourceTree = "<group>"; };
		6C61CD5D2C74950B000F6620 /* UIHelper.swift */ = {isa = PBXFileReference; lastKnownFileType = sourcecode.swift; path = UIHelper.swift; sourceTree = "<group>"; };
		6C692A3C2C6DF4D500E0E669 /* GitTitleLabel.swift */ = {isa = PBXFileReference; lastKnownFileType = sourcecode.swift; path = GitTitleLabel.swift; sourceTree = "<group>"; };
		6C692A3E2C6DF7A800E0E669 /* GitBodyLabel.swift */ = {isa = PBXFileReference; lastKnownFileType = sourcecode.swift; path = GitBodyLabel.swift; sourceTree = "<group>"; };
		6C692A402C6DF98B00E0E669 /* GitAlertVC.swift */ = {isa = PBXFileReference; lastKnownFileType = sourcecode.swift; path = GitAlertVC.swift; sourceTree = "<group>"; };
		6C692A432C6E1BC300E0E669 /* UIViewControllerExtension.swift */ = {isa = PBXFileReference; lastKnownFileType = sourcecode.swift; path = UIViewControllerExtension.swift; sourceTree = "<group>"; };
		6C692A4B2C6F54FF00E0E669 /* Follower.swift */ = {isa = PBXFileReference; lastKnownFileType = sourcecode.swift; path = Follower.swift; sourceTree = "<group>"; };
		6C692A4D2C6F566300E0E669 /* User.swift */ = {isa = PBXFileReference; lastKnownFileType = sourcecode.swift; path = User.swift; sourceTree = "<group>"; };
		6C692A5C2C70DA0B00E0E669 /* NetworkManager.swift */ = {isa = PBXFileReference; lastKnownFileType = sourcecode.swift; path = NetworkManager.swift; sourceTree = "<group>"; };
		6C692A612C73130400E0E669 /* FollowersCollectionViewCell.swift */ = {isa = PBXFileReference; lastKnownFileType = sourcecode.swift; path = FollowersCollectionViewCell.swift; sourceTree = "<group>"; };
		6C692A632C7372A000E0E669 /* GitImageView.swift */ = {isa = PBXFileReference; lastKnownFileType = sourcecode.swift; path = GitImageView.swift; sourceTree = "<group>"; };
		6C81AB902C6D2AFB002E964E /* FollowerListVC.swift */ = {isa = PBXFileReference; lastKnownFileType = sourcecode.swift; path = FollowerListVC.swift; sourceTree = "<group>"; };
		6C8609BB2C69F9BC00D33CD6 /* GitView.app */ = {isa = PBXFileReference; explicitFileType = wrapper.application; includeInIndex = 0; path = GitView.app; sourceTree = BUILT_PRODUCTS_DIR; };
		6C8609BE2C69F9BC00D33CD6 /* AppDelegate.swift */ = {isa = PBXFileReference; lastKnownFileType = sourcecode.swift; path = AppDelegate.swift; sourceTree = "<group>"; };
		6C8609C02C69F9BC00D33CD6 /* SceneDelegate.swift */ = {isa = PBXFileReference; lastKnownFileType = sourcecode.swift; path = SceneDelegate.swift; sourceTree = "<group>"; };
		6C8609C72C69F9C100D33CD6 /* Assets.xcassets */ = {isa = PBXFileReference; lastKnownFileType = folder.assetcatalog; path = Assets.xcassets; sourceTree = "<group>"; };
		6C8609CA2C69F9C100D33CD6 /* Base */ = {isa = PBXFileReference; lastKnownFileType = file.storyboard; name = Base; path = Base.lproj/LaunchScreen.storyboard; sourceTree = "<group>"; };
		6C8609CC2C69F9C100D33CD6 /* Info.plist */ = {isa = PBXFileReference; lastKnownFileType = text.plist.xml; path = Info.plist; sourceTree = "<group>"; };
		6C8609D22C6A10DA00D33CD6 /* SearchVC.swift */ = {isa = PBXFileReference; lastKnownFileType = sourcecode.swift; path = SearchVC.swift; sourceTree = "<group>"; };
		6C8609D42C6A112500D33CD6 /* FavoriteListVC.swift */ = {isa = PBXFileReference; lastKnownFileType = sourcecode.swift; path = FavoriteListVC.swift; sourceTree = "<group>"; };
		6C8609DA2C6A12EA00D33CD6 /* MainTabBarVC.swift */ = {isa = PBXFileReference; lastKnownFileType = sourcecode.swift; path = MainTabBarVC.swift; sourceTree = "<group>"; };
		6CFC28C12C6B415100DE2416 /* GitButton.swift */ = {isa = PBXFileReference; lastKnownFileType = sourcecode.swift; path = GitButton.swift; sourceTree = "<group>"; };
		6CFC28C32C6B492A00DE2416 /* SearchTextField.swift */ = {isa = PBXFileReference; lastKnownFileType = sourcecode.swift; path = SearchTextField.swift; sourceTree = "<group>"; };
/* End PBXFileReference section */

/* Begin PBXFrameworksBuildPhase section */
		6C8609B82C69F9BC00D33CD6 /* Frameworks */ = {
			isa = PBXFrameworksBuildPhase;
			buildActionMask = 2147483647;
			files = (
			);
			runOnlyForDeploymentPostprocessing = 0;
		};
/* End PBXFrameworksBuildPhase section */

/* Begin PBXGroup section */
		6C1B17F92C861E7200C86865 /* ViewControllers */ = {
			isa = PBXGroup;
			children = (
				6C692A402C6DF98B00E0E669 /* GitAlertVC.swift */,
			);
			path = ViewControllers;
			sourceTree = "<group>";
		};
		6C1B17FA2C861E8F00C86865 /* buttons */ = {
			isa = PBXGroup;
			children = (
				6CFC28C12C6B415100DE2416 /* GitButton.swift */,
			);
			path = buttons;
			sourceTree = "<group>";
		};
		6C1B17FB2C861EA300C86865 /* TextFields */ = {
			isa = PBXGroup;
			children = (
				6CFC28C32C6B492A00DE2416 /* SearchTextField.swift */,
			);
			path = TextFields;
			sourceTree = "<group>";
		};
		6C1B17FC2C861EB200C86865 /* Labels */ = {
			isa = PBXGroup;
			children = (
				6C692A3E2C6DF7A800E0E669 /* GitBodyLabel.swift */,
				6C692A3C2C6DF4D500E0E669 /* GitTitleLabel.swift */,
			);
			path = Labels;
			sourceTree = "<group>";
		};
		6C1B17FD2C861EFA00C86865 /* ImageViews */ = {
			isa = PBXGroup;
			children = (
				6C692A632C7372A000E0E669 /* GitImageView.swift */,
			);
			path = ImageViews;
			sourceTree = "<group>";
		};
		6C1B17FE2C861F4100C86865 /* Cells */ = {
			isa = PBXGroup;
			children = (
				6C692A612C73130400E0E669 /* FollowersCollectionViewCell.swift */,
			);
			path = Cells;
			sourceTree = "<group>";
		};
		6C1B17FF2C861F6300C86865 /* Views */ = {
			isa = PBXGroup;
			children = (
				6C1B18002C86207200C86865 /* EmptyStateView.swift */,
			);
			path = Views;
			sourceTree = "<group>";
		};
		6C61CD5C2C7494E4000F6620 /* Utilities */ = {
			isa = PBXGroup;
			children = (
				6C61CD5D2C74950B000F6620 /* UIHelper.swift */,
			);
			path = Utilities;
			sourceTree = "<group>";
		};
		6C692A422C6E1BA000E0E669 /* Extensions */ = {
			isa = PBXGroup;
			children = (
				6C692A432C6E1BC300E0E669 /* UIViewControllerExtension.swift */,
			);
			path = Extensions;
			sourceTree = "<group>";
		};
		6C692A5B2C70D9D600E0E669 /* Managers */ = {
			isa = PBXGroup;
			children = (
				6C692A5C2C70DA0B00E0E669 /* NetworkManager.swift */,
			);
			path = Managers;
			sourceTree = "<group>";
		};
		6C8609B22C69F9BC00D33CD6 = {
			isa = PBXGroup;
			children = (
				6C8609BD2C69F9BC00D33CD6 /* GitView */,
				6C8609BC2C69F9BC00D33CD6 /* Products */,
			);
			sourceTree = "<group>";
		};
		6C8609BC2C69F9BC00D33CD6 /* Products */ = {
			isa = PBXGroup;
			children = (
				6C8609BB2C69F9BC00D33CD6 /* GitView.app */,
			);
			name = Products;
			sourceTree = "<group>";
		};
		6C8609BD2C69F9BC00D33CD6 /* GitView */ = {
			isa = PBXGroup;
			children = (
				6C8609BE2C69F9BC00D33CD6 /* AppDelegate.swift */,
				6C8609C02C69F9BC00D33CD6 /* SceneDelegate.swift */,
				6C61CD5C2C7494E4000F6620 /* Utilities */,
				6C692A5B2C70D9D600E0E669 /* Managers */,
				6C692A422C6E1BA000E0E669 /* Extensions */,
				6C8609D82C6A125900D33CD6 /* CustomeViews */,
				6C8609D72C6A124C00D33CD6 /* Models */,
				6C8609D62C6A124100D33CD6 /* Controllers */,
				6C8609C72C69F9C100D33CD6 /* Assets.xcassets */,
				6C8609C92C69F9C100D33CD6 /* LaunchScreen.storyboard */,
				6C8609CC2C69F9C100D33CD6 /* Info.plist */,
			);
			path = GitView;
			sourceTree = "<group>";
		};
		6C8609D62C6A124100D33CD6 /* Controllers */ = {
			isa = PBXGroup;
			children = (
				6C8609D92C6A129400D33CD6 /* Core */,
			);
			path = Controllers;
			sourceTree = "<group>";
		};
		6C8609D72C6A124C00D33CD6 /* Models */ = {
			isa = PBXGroup;
			children = (
				6C692A4B2C6F54FF00E0E669 /* Follower.swift */,
				6C692A4D2C6F566300E0E669 /* User.swift */,
			);
			path = Models;
			sourceTree = "<group>";
		};
		6C8609D82C6A125900D33CD6 /* CustomeViews */ = {
			isa = PBXGroup;
			children = (
				6C1B17FF2C861F6300C86865 /* Views */,
				6C1B17FE2C861F4100C86865 /* Cells */,
				6C1B17FD2C861EFA00C86865 /* ImageViews */,
				6C1B17FC2C861EB200C86865 /* Labels */,
				6C1B17FB2C861EA300C86865 /* TextFields */,
				6C1B17FA2C861E8F00C86865 /* buttons */,
				6C1B17F92C861E7200C86865 /* ViewControllers */,
			);
			path = CustomeViews;
			sourceTree = "<group>";
		};
		6C8609D92C6A129400D33CD6 /* Core */ = {
			isa = PBXGroup;
			children = (
				6C8609D42C6A112500D33CD6 /* FavoriteListVC.swift */,
				6C8609D22C6A10DA00D33CD6 /* SearchVC.swift */,
				6C8609DA2C6A12EA00D33CD6 /* MainTabBarVC.swift */,
				6C81AB902C6D2AFB002E964E /* FollowerListVC.swift */,
			);
			path = Core;
			sourceTree = "<group>";
		};
/* End PBXGroup section */

/* Begin PBXNativeTarget section */
		6C8609BA2C69F9BC00D33CD6 /* GitView */ = {
			isa = PBXNativeTarget;
			buildConfigurationList = 6C8609CF2C69F9C100D33CD6 /* Build configuration list for PBXNativeTarget "GitView" */;
			buildPhases = (
				6C8609B72C69F9BC00D33CD6 /* Sources */,
				6C8609B82C69F9BC00D33CD6 /* Frameworks */,
				6C8609B92C69F9BC00D33CD6 /* Resources */,
			);
			buildRules = (
			);
			dependencies = (
			);
			name = GitView;
			productName = GitView;
			productReference = 6C8609BB2C69F9BC00D33CD6 /* GitView.app */;
			productType = "com.apple.product-type.application";
		};
/* End PBXNativeTarget section */

/* Begin PBXProject section */
		6C8609B32C69F9BC00D33CD6 /* Project object */ = {
			isa = PBXProject;
			attributes = {
				BuildIndependentTargetsInParallel = 1;
				LastSwiftUpdateCheck = 1520;
				LastUpgradeCheck = 1520;
				TargetAttributes = {
					6C8609BA2C69F9BC00D33CD6 = {
						CreatedOnToolsVersion = 15.2;
					};
				};
			};
			buildConfigurationList = 6C8609B62C69F9BC00D33CD6 /* Build configuration list for PBXProject "GitView" */;
			compatibilityVersion = "Xcode 14.0";
			developmentRegion = en;
			hasScannedForEncodings = 0;
			knownRegions = (
				en,
				Base,
			);
			mainGroup = 6C8609B22C69F9BC00D33CD6;
			productRefGroup = 6C8609BC2C69F9BC00D33CD6 /* Products */;
			projectDirPath = "";
			projectRoot = "";
			targets = (
				6C8609BA2C69F9BC00D33CD6 /* GitView */,
			);
		};
/* End PBXProject section */

/* Begin PBXResourcesBuildPhase section */
		6C8609B92C69F9BC00D33CD6 /* Resources */ = {
			isa = PBXResourcesBuildPhase;
			buildActionMask = 2147483647;
			files = (
				6C8609CB2C69F9C100D33CD6 /* LaunchScreen.storyboard in Resources */,
				6C8609C82C69F9C100D33CD6 /* Assets.xcassets in Resources */,
			);
			runOnlyForDeploymentPostprocessing = 0;
		};
/* End PBXResourcesBuildPhase section */

/* Begin PBXSourcesBuildPhase section */
		6C8609B72C69F9BC00D33CD6 /* Sources */ = {
			isa = PBXSourcesBuildPhase;
			buildActionMask = 2147483647;
			files = (
				6C692A642C7372A000E0E669 /* GitImageView.swift in Sources */,
				6C692A622C73130400E0E669 /* FollowersCollectionViewCell.swift in Sources */,
				6C1B18012C86207200C86865 /* EmptyStateView.swift in Sources */,
				6C8609D32C6A10DA00D33CD6 /* SearchVC.swift in Sources */,
				6C692A3D2C6DF4D500E0E669 /* GitTitleLabel.swift in Sources */,
				6C8609DB2C6A12EA00D33CD6 /* MainTabBarVC.swift in Sources */,
				6C61CD5E2C74950B000F6620 /* UIHelper.swift in Sources */,
				6CFC28C22C6B415100DE2416 /* GitButton.swift in Sources */,
				6C8609D52C6A112500D33CD6 /* FavoriteListVC.swift in Sources */,
				6C692A412C6DF98B00E0E669 /* GitAlertVC.swift in Sources */,
				6C692A4E2C6F566300E0E669 /* User.swift in Sources */,
				6CFC28C42C6B492A00DE2416 /* SearchTextField.swift in Sources */,
				6C692A4C2C6F54FF00E0E669 /* Follower.swift in Sources */,
				6C8609BF2C69F9BC00D33CD6 /* AppDelegate.swift in Sources */,
				6C692A442C6E1BC300E0E669 /* UIViewControllerExtension.swift in Sources */,
				6C692A3F2C6DF7A800E0E669 /* GitBodyLabel.swift in Sources */,
				6C692A5D2C70DA0B00E0E669 /* NetworkManager.swift in Sources */,
				6C81AB912C6D2AFC002E964E /* FollowerListVC.swift in Sources */,
				6C8609C12C69F9BC00D33CD6 /* SceneDelegate.swift in Sources */,
			);
			runOnlyForDeploymentPostprocessing = 0;
		};
/* End PBXSourcesBuildPhase section */

/* Begin PBXVariantGroup section */
		6C8609C92C69F9C100D33CD6 /* LaunchScreen.storyboard */ = {
			isa = PBXVariantGroup;
			children = (
				6C8609CA2C69F9C100D33CD6 /* Base */,
			);
			name = LaunchScreen.storyboard;
			sourceTree = "<group>";
		};
/* End PBXVariantGroup section */

/* Begin XCBuildConfiguration section */
		6C8609CD2C69F9C100D33CD6 /* Debug */ = {
			isa = XCBuildConfiguration;
			buildSettings = {
				ALWAYS_SEARCH_USER_PATHS = NO;
				ASSETCATALOG_COMPILER_GENERATE_SWIFT_ASSET_SYMBOL_EXTENSIONS = YES;
				CLANG_ANALYZER_NONNULL = YES;
				CLANG_ANALYZER_NUMBER_OBJECT_CONVERSION = YES_AGGRESSIVE;
				CLANG_CXX_LANGUAGE_STANDARD = "gnu++20";
				CLANG_ENABLE_MODULES = YES;
				CLANG_ENABLE_OBJC_ARC = YES;
				CLANG_ENABLE_OBJC_WEAK = YES;
				CLANG_WARN_BLOCK_CAPTURE_AUTORELEASING = YES;
				CLANG_WARN_BOOL_CONVERSION = YES;
				CLANG_WARN_COMMA = YES;
				CLANG_WARN_CONSTANT_CONVERSION = YES;
				CLANG_WARN_DEPRECATED_OBJC_IMPLEMENTATIONS = YES;
				CLANG_WARN_DIRECT_OBJC_ISA_USAGE = YES_ERROR;
				CLANG_WARN_DOCUMENTATION_COMMENTS = YES;
				CLANG_WARN_EMPTY_BODY = YES;
				CLANG_WARN_ENUM_CONVERSION = YES;
				CLANG_WARN_INFINITE_RECURSION = YES;
				CLANG_WARN_INT_CONVERSION = YES;
				CLANG_WARN_NON_LITERAL_NULL_CONVERSION = YES;
				CLANG_WARN_OBJC_IMPLICIT_RETAIN_SELF = YES;
				CLANG_WARN_OBJC_LITERAL_CONVERSION = YES;
				CLANG_WARN_OBJC_ROOT_CLASS = YES_ERROR;
				CLANG_WARN_QUOTED_INCLUDE_IN_FRAMEWORK_HEADER = YES;
				CLANG_WARN_RANGE_LOOP_ANALYSIS = YES;
				CLANG_WARN_STRICT_PROTOTYPES = YES;
				CLANG_WARN_SUSPICIOUS_MOVE = YES;
				CLANG_WARN_UNGUARDED_AVAILABILITY = YES_AGGRESSIVE;
				CLANG_WARN_UNREACHABLE_CODE = YES;
				CLANG_WARN__DUPLICATE_METHOD_MATCH = YES;
				COPY_PHASE_STRIP = NO;
				DEBUG_INFORMATION_FORMAT = dwarf;
				ENABLE_STRICT_OBJC_MSGSEND = YES;
				ENABLE_TESTABILITY = YES;
				ENABLE_USER_SCRIPT_SANDBOXING = YES;
				GCC_C_LANGUAGE_STANDARD = gnu17;
				GCC_DYNAMIC_NO_PIC = NO;
				GCC_NO_COMMON_BLOCKS = YES;
				GCC_OPTIMIZATION_LEVEL = 0;
				GCC_PREPROCESSOR_DEFINITIONS = (
					"DEBUG=1",
					"$(inherited)",
				);
				GCC_WARN_64_TO_32_BIT_CONVERSION = YES;
				GCC_WARN_ABOUT_RETURN_TYPE = YES_ERROR;
				GCC_WARN_UNDECLARED_SELECTOR = YES;
				GCC_WARN_UNINITIALIZED_AUTOS = YES_AGGRESSIVE;
				GCC_WARN_UNUSED_FUNCTION = YES;
				GCC_WARN_UNUSED_VARIABLE = YES;
				IPHONEOS_DEPLOYMENT_TARGET = 17.2;
				LOCALIZATION_PREFERS_STRING_CATALOGS = YES;
				MTL_ENABLE_DEBUG_INFO = INCLUDE_SOURCE;
				MTL_FAST_MATH = YES;
				ONLY_ACTIVE_ARCH = YES;
				SDKROOT = iphoneos;
				SWIFT_ACTIVE_COMPILATION_CONDITIONS = "DEBUG $(inherited)";
				SWIFT_OPTIMIZATION_LEVEL = "-Onone";
			};
			name = Debug;
		};
		6C8609CE2C69F9C100D33CD6 /* Release */ = {
			isa = XCBuildConfiguration;
			buildSettings = {
				ALWAYS_SEARCH_USER_PATHS = NO;
				ASSETCATALOG_COMPILER_GENERATE_SWIFT_ASSET_SYMBOL_EXTENSIONS = YES;
				CLANG_ANALYZER_NONNULL = YES;
				CLANG_ANALYZER_NUMBER_OBJECT_CONVERSION = YES_AGGRESSIVE;
				CLANG_CXX_LANGUAGE_STANDARD = "gnu++20";
				CLANG_ENABLE_MODULES = YES;
				CLANG_ENABLE_OBJC_ARC = YES;
				CLANG_ENABLE_OBJC_WEAK = YES;
				CLANG_WARN_BLOCK_CAPTURE_AUTORELEASING = YES;
				CLANG_WARN_BOOL_CONVERSION = YES;
				CLANG_WARN_COMMA = YES;
				CLANG_WARN_CONSTANT_CONVERSION = YES;
				CLANG_WARN_DEPRECATED_OBJC_IMPLEMENTATIONS = YES;
				CLANG_WARN_DIRECT_OBJC_ISA_USAGE = YES_ERROR;
				CLANG_WARN_DOCUMENTATION_COMMENTS = YES;
				CLANG_WARN_EMPTY_BODY = YES;
				CLANG_WARN_ENUM_CONVERSION = YES;
				CLANG_WARN_INFINITE_RECURSION = YES;
				CLANG_WARN_INT_CONVERSION = YES;
				CLANG_WARN_NON_LITERAL_NULL_CONVERSION = YES;
				CLANG_WARN_OBJC_IMPLICIT_RETAIN_SELF = YES;
				CLANG_WARN_OBJC_LITERAL_CONVERSION = YES;
				CLANG_WARN_OBJC_ROOT_CLASS = YES_ERROR;
				CLANG_WARN_QUOTED_INCLUDE_IN_FRAMEWORK_HEADER = YES;
				CLANG_WARN_RANGE_LOOP_ANALYSIS = YES;
				CLANG_WARN_STRICT_PROTOTYPES = YES;
				CLANG_WARN_SUSPICIOUS_MOVE = YES;
				CLANG_WARN_UNGUARDED_AVAILABILITY = YES_AGGRESSIVE;
				CLANG_WARN_UNREACHABLE_CODE = YES;
				CLANG_WARN__DUPLICATE_METHOD_MATCH = YES;
				COPY_PHASE_STRIP = NO;
				DEBUG_INFORMATION_FORMAT = "dwarf-with-dsym";
				ENABLE_NS_ASSERTIONS = NO;
				ENABLE_STRICT_OBJC_MSGSEND = YES;
				ENABLE_USER_SCRIPT_SANDBOXING = YES;
				GCC_C_LANGUAGE_STANDARD = gnu17;
				GCC_NO_COMMON_BLOCKS = YES;
				GCC_WARN_64_TO_32_BIT_CONVERSION = YES;
				GCC_WARN_ABOUT_RETURN_TYPE = YES_ERROR;
				GCC_WARN_UNDECLARED_SELECTOR = YES;
				GCC_WARN_UNINITIALIZED_AUTOS = YES_AGGRESSIVE;
				GCC_WARN_UNUSED_FUNCTION = YES;
				GCC_WARN_UNUSED_VARIABLE = YES;
				IPHONEOS_DEPLOYMENT_TARGET = 17.2;
				LOCALIZATION_PREFERS_STRING_CATALOGS = YES;
				MTL_ENABLE_DEBUG_INFO = NO;
				MTL_FAST_MATH = YES;
				SDKROOT = iphoneos;
				SWIFT_COMPILATION_MODE = wholemodule;
				VALIDATE_PRODUCT = YES;
			};
			name = Release;
		};
		6C8609D02C69F9C100D33CD6 /* Debug */ = {
			isa = XCBuildConfiguration;
			buildSettings = {
				ASSETCATALOG_COMPILER_APPICON_NAME = AppIcon;
				ASSETCATALOG_COMPILER_GLOBAL_ACCENT_COLOR_NAME = AccentColor;
				CODE_SIGN_STYLE = Automatic;
				CURRENT_PROJECT_VERSION = 1;
				DEVELOPMENT_TEAM = C2RY72XWQ2;
				GENERATE_INFOPLIST_FILE = YES;
				INFOPLIST_FILE = GitView/Info.plist;
				INFOPLIST_KEY_UIApplicationSupportsIndirectInputEvents = YES;
				INFOPLIST_KEY_UILaunchStoryboardName = LaunchScreen;
				INFOPLIST_KEY_UISupportedInterfaceOrientations = UIInterfaceOrientationPortrait;
				INFOPLIST_KEY_UISupportedInterfaceOrientations_iPad = "UIInterfaceOrientationLandscapeLeft UIInterfaceOrientationLandscapeRight UIInterfaceOrientationPortrait UIInterfaceOrientationPortraitUpsideDown";
				LD_RUNPATH_SEARCH_PATHS = (
					"$(inherited)",
					"@executable_path/Frameworks",
				);
				MARKETING_VERSION = 1.0;
				PRODUCT_BUNDLE_IDENTIFIER = com.sinavn.GitView;
				PRODUCT_NAME = "$(TARGET_NAME)";
				SWIFT_EMIT_LOC_STRINGS = YES;
				SWIFT_VERSION = 5.0;
				TARGETED_DEVICE_FAMILY = "1,2";
			};
			name = Debug;
		};
		6C8609D12C69F9C100D33CD6 /* Release */ = {
			isa = XCBuildConfiguration;
			buildSettings = {
				ASSETCATALOG_COMPILER_APPICON_NAME = AppIcon;
				ASSETCATALOG_COMPILER_GLOBAL_ACCENT_COLOR_NAME = AccentColor;
				CODE_SIGN_STYLE = Automatic;
				CURRENT_PROJECT_VERSION = 1;
				DEVELOPMENT_TEAM = C2RY72XWQ2;
				GENERATE_INFOPLIST_FILE = YES;
				INFOPLIST_FILE = GitView/Info.plist;
				INFOPLIST_KEY_UIApplicationSupportsIndirectInputEvents = YES;
				INFOPLIST_KEY_UILaunchStoryboardName = LaunchScreen;
				INFOPLIST_KEY_UISupportedInterfaceOrientations = UIInterfaceOrientationPortrait;
				INFOPLIST_KEY_UISupportedInterfaceOrientations_iPad = "UIInterfaceOrientationLandscapeLeft UIInterfaceOrientationLandscapeRight UIInterfaceOrientationPortrait UIInterfaceOrientationPortraitUpsideDown";
				LD_RUNPATH_SEARCH_PATHS = (
					"$(inherited)",
					"@executable_path/Frameworks",
				);
				MARKETING_VERSION = 1.0;
				PRODUCT_BUNDLE_IDENTIFIER = com.sinavn.GitView;
				PRODUCT_NAME = "$(TARGET_NAME)";
				SWIFT_EMIT_LOC_STRINGS = YES;
				SWIFT_VERSION = 5.0;
				TARGETED_DEVICE_FAMILY = "1,2";
			};
			name = Release;
		};
/* End XCBuildConfiguration section */

/* Begin XCConfigurationList section */
		6C8609B62C69F9BC00D33CD6 /* Build configuration list for PBXProject "GitView" */ = {
			isa = XCConfigurationList;
			buildConfigurations = (
				6C8609CD2C69F9C100D33CD6 /* Debug */,
				6C8609CE2C69F9C100D33CD6 /* Release */,
			);
			defaultConfigurationIsVisible = 0;
			defaultConfigurationName = Release;
		};
		6C8609CF2C69F9C100D33CD6 /* Build configuration list for PBXNativeTarget "GitView" */ = {
			isa = XCConfigurationList;
			buildConfigurations = (
				6C8609D02C69F9C100D33CD6 /* Debug */,
				6C8609D12C69F9C100D33CD6 /* Release */,
			);
			defaultConfigurationIsVisible = 0;
			defaultConfigurationName = Release;
		};
/* End XCConfigurationList section */
	};
	rootObject = 6C8609B32C69F9BC00D33CD6 /* Project object */;
}
